Microsoft Visual Studio Solution File, Format Version 12.00
# Visual Studio Version 17
VisualStudioVersion = 17.5.2.0
MinimumVisualStudioVersion = 10.0.40219.1
Project("{FAE04EC0-301F-11D3-BF4B-00C04F79EFBC}") = "PresentationApp", "PresentationApp\PresentationApp.csproj", "{707E489B-3C99-11C4-E344-258FDCA14FD7}"
EndProject
Global
	GlobalSection(SolutionConfigurationPlatforms) = preSolution
		Debug|Any CPU = Debug|Any CPU
		Release|Any CPU = Release|Any CPU
	EndGlobalSection
	GlobalSection(ProjectConfigurationPlatforms) = postSolution
		{707E489B-3C99-11C4-E344-258FDCA14FD7}.Debug|Any CPU.ActiveCfg = Debug|Any CPU
		{707E489B-3C99-11C4-E344-258FDCA14FD7}.Debug|Any CPU.Build.0 = Debug|Any CPU
		{707E489B-3C99-11C4-E344-258FDCA14FD7}.Release|Any CPU.ActiveCfg = Release|Any CPU
		{707E489B-3C99-11C4-E344-258FDCA14FD7}.Release|Any CPU.Build.0 = Release|Any CPU
	EndGlobalSection
	GlobalSection(SolutionProperties) = preSolution
		HideSolutionNode = FALSE
	EndGlobalSection
	GlobalSection(ExtensibilityGlobals) = postSolution
		SolutionGuid = {0F9F08BA-9B63-418C-96D5-20DE9459B3EE}
	EndGlobalSection
EndGlobal
